grow.graphics/uc v0.0.0-20240128001120-57fde712a2f4 h1:oCxs27eH3FW15+xGaAVsLSp6S9hbZL51sLoSGp5cqIk=
grow.graphics/uc v0.0.0-20240128001120-57fde712a2f4/go.mod h1:rNkUY9tOrmdnN9bjAJkmK8fKT0u6qftXOXitETbIlzo=
grow.graphics/xy v0.0.0-20240603021049-7427233fc3a9 h1:7DTN0CCvKzohFhaeb1vNC1XackvyL4u1UwQDBzQixJo=
grow.graphics/xy v0.0.0-20240603021049-7427233fc3a9/go.mod h1:JwNaWFtFaeSmvp34kveQhSGN8dNowvLlz55K/c9bs1E=
